
Microsoft Visual Studio Solution File, Format Version 11.00
# Visual Studio 2010
Project("{FAE04EC0-301F-11D3-BF4B-00C04F79EFBC}") = "bjeb", "bjeb.csproj", "{D5E08933-5165-4AA9-85AA-A10956EC3737}"
EndProject
Project("{FAE04EC0-301F-11D3-BF4B-00C04F79EFBC}") = "bjebServer", "server\bjebServer.csproj", "{F9992EFC-2188-44F0-86C8-C235C9B33BA2}"
EndProject
Project("{FAE04EC0-301F-11D3-BF4B-00C04F79EFBC}") = "bjebTest", "test\bjebTest.csproj", "{AB54751E-02FC-4545-A090-D046905C2555}"
EndProject
Project("{FAE04EC0-301F-11D3-BF4B-00C04F79EFBC}") = "bjebLib", "lib\bjebLib.csproj", "{1247FCA3-610B-4178-9BA0-836D00888B23}"
EndProject
Project("{FAE04EC0-301F-11D3-BF4B-00C04F79EFBC}") = "bjebLibUnity", "lib\bjebLibUnity.csproj", "{1247FCA3-610B-4178-9BA0-836D00888B23}"
EndProject
Global
	GlobalSection(SolutionConfigurationPlatforms) = preSolution
		Debug|x86 = Debug|x86
		Release|x86 = Release|x86
	EndGlobalSection
	GlobalSection(ProjectConfigurationPlatforms) = postSolution
		{1247FCA3-610B-4178-9BA0-836D00888B23}.Debug|x86.ActiveCfg = Debug|x86
		{1247FCA3-610B-4178-9BA0-836D00888B23}.Debug|x86.ActiveCfg = Debug|x86
		{1247FCA3-610B-4178-9BA0-836D00888B23}.Debug|x86.Build.0 = Debug|x86
		{1247FCA3-610B-4178-9BA0-836D00888B23}.Debug|x86.Build.0 = Debug|x86
		{1247FCA3-610B-4178-9BA0-836D00888B23}.Release|x86.ActiveCfg = Release|x86
		{1247FCA3-610B-4178-9BA0-836D00888B23}.Release|x86.ActiveCfg = Release|x86
		{1247FCA3-610B-4178-9BA0-836D00888B23}.Release|x86.Build.0 = Release|x86
		{1247FCA3-610B-4178-9BA0-836D00888B23}.Release|x86.Build.0 = Release|x86
		{AB54751E-02FC-4545-A090-D046905C2555}.Debug|x86.ActiveCfg = Debug|x86
		{AB54751E-02FC-4545-A090-D046905C2555}.Debug|x86.Build.0 = Debug|x86
		{AB54751E-02FC-4545-A090-D046905C2555}.Release|x86.ActiveCfg = Release|x86
		{AB54751E-02FC-4545-A090-D046905C2555}.Release|x86.Build.0 = Release|x86
		{D5E08933-5165-4AA9-85AA-A10956EC3737}.Debug|x86.ActiveCfg = Debug|x86
		{D5E08933-5165-4AA9-85AA-A10956EC3737}.Debug|x86.Build.0 = Debug|x86
		{D5E08933-5165-4AA9-85AA-A10956EC3737}.Release|x86.ActiveCfg = Release|x86
		{D5E08933-5165-4AA9-85AA-A10956EC3737}.Release|x86.Build.0 = Release|x86
		{F9992EFC-2188-44F0-86C8-C235C9B33BA2}.Debug|x86.ActiveCfg = Debug|x86
		{F9992EFC-2188-44F0-86C8-C235C9B33BA2}.Debug|x86.Build.0 = Debug|x86
		{F9992EFC-2188-44F0-86C8-C235C9B33BA2}.Release|x86.ActiveCfg = Release|x86
		{F9992EFC-2188-44F0-86C8-C235C9B33BA2}.Release|x86.Build.0 = Release|x86
	EndGlobalSection
	GlobalSection(MonoDevelopProperties) = preSolution
		StartupItem = bjeb.csproj
	EndGlobalSection
EndGlobal
